
Microsoft Visual Studio Solution File, Format Version 12.00
# Visual Studio 14
VisualStudioVersion = 14.0.24720.0
MinimumVisualStudioVersion = 10.0.40219.1
Project("{FAE04EC0-301F-11D3-BF4B-00C04F79EFBC}") = "WebApplication1", "WebApplication1\WebApplication1.csproj", "{06822CBE-2DD5-4143-A8E9-7D43460386DA}"
EndProject
Project("{FAE04EC0-301F-11D3-BF4B-00C04F79EFBC}") = "WebApplication2", "WebApplication2\WebApplication2.csproj", "{8837B28E-96B9-4D90-9BAF-411E9F472708}"
EndProject
Project("{FAE04EC0-301F-11D3-BF4B-00C04F79EFBC}") = "BuyingConsole", "BuyingConsole\BuyingConsole.csproj", "{5E5C7B4A-55C4-4EA1-8448-7DF26D31793F}"
EndProject
Global
	GlobalSection(SolutionConfigurationPlatforms) = preSolution
		Debug|Any CPU = Debug|Any CPU
		Release|Any CPU = Release|Any CPU
	EndGlobalSection
	GlobalSection(ProjectConfigurationPlatforms) = postSolution
		{06822CBE-2DD5-4143-A8E9-7D43460386DA}.Debug|Any CPU.ActiveCfg = Debug|Any CPU
		{06822CBE-2DD5-4143-A8E9-7D43460386DA}.Debug|Any CPU.Build.0 = Debug|Any CPU
		{06822CBE-2DD5-4143-A8E9-7D43460386DA}.Release|Any CPU.ActiveCfg = Release|Any CPU
		{06822CBE-2DD5-4143-A8E9-7D43460386DA}.Release|Any CPU.Build.0 = Release|Any CPU
		{8837B28E-96B9-4D90-9BAF-411E9F472708}.Debug|Any CPU.ActiveCfg = Debug|Any CPU
		{8837B28E-96B9-4D90-9BAF-411E9F472708}.Debug|Any CPU.Build.0 = Debug|Any CPU
		{8837B28E-96B9-4D90-9BAF-411E9F472708}.Release|Any CPU.ActiveCfg = Release|Any CPU
		{8837B28E-96B9-4D90-9BAF-411E9F472708}.Release|Any CPU.Build.0 = Release|Any CPU
		{5E5C7B4A-55C4-4EA1-8448-7DF26D31793F}.Debug|Any CPU.ActiveCfg = Debug|Any CPU
		{5E5C7B4A-55C4-4EA1-8448-7DF26D31793F}.Debug|Any CPU.Build.0 = Debug|Any CPU
		{5E5C7B4A-55C4-4EA1-8448-7DF26D31793F}.Release|Any CPU.ActiveCfg = Release|Any CPU
		{5E5C7B4A-55C4-4EA1-8448-7DF26D31793F}.Release|Any CPU.Build.0 = Release|Any CPU
	EndGlobalSection
	GlobalSection(SolutionProperties) = preSolution
		HideSolutionNode = FALSE
	EndGlobalSection
	GlobalSection(ExtensibilityGlobals) = postSolution
		SolutionGuid = {89F3267F-66E4-4D32-9A89-C801567673A0}
	EndGlobalSection
EndGlobal
